
Microsoft Visual Studio Solution File, Format Version 12.00
# Visual Studio 2012
Project("{FAE04EC0-301F-11D3-BF4B-00C04F79EFBC}") = "SqlBuddy.TemplateTest", "SqlBuddy.TemplateTest\SqlBuddy.TemplateTest.csproj", "{64CFA71A-D7BC-4F58-857D-4D356E38BBA8}"
EndProject
Global
	GlobalSection(SolutionConfigurationPlatforms) = preSolution
		Debug|Any CPU = Debug|Any CPU
		Release|Any CPU = Release|Any CPU
	EndGlobalSection
	GlobalSection(ProjectConfigurationPlatforms) = postSolution
		{64CFA71A-D7BC-4F58-857D-4D356E38BBA8}.Debug|Any CPU.ActiveCfg = Debug|Any CPU
		{64CFA71A-D7BC-4F58-857D-4D356E38BBA8}.Debug|Any CPU.Build.0 = Debug|Any CPU
		{64CFA71A-D7BC-4F58-857D-4D356E38BBA8}.Release|Any CPU.ActiveCfg = Release|Any CPU
		{64CFA71A-D7BC-4F58-857D-4D356E38BBA8}.Release|Any CPU.Build.0 = Release|Any CPU
	EndGlobalSection
	GlobalSection(SolutionProperties) = preSolution
		HideSolutionNode = FALSE
	EndGlobalSection
EndGlobal
